{
  "name": "ip-rest-api-gonzalez",
  "version": "1.0.0",
  "lockfileVersion": 1,
  "requires": true,
  "dependencies": {
    "cidr-regex": {
      "version": "3.1.1",
      "resolved": "https://registry.npmjs.org/cidr-regex/-/cidr-regex-3.1.1.tgz",
      "integrity": "sha512-RBqYd32aDwbCMFJRL6wHOlDNYJsPNTt8vC82ErHF5vKt8QQzxm1FrkW8s/R5pVrXMf17sba09Uoy91PKiddAsw==",
      "requires": {
        "ip-regex": "^4.1.0"
      }
    },
    "cidr-tools": {
      "version": "3.0.4",
      "resolved": "https://registry.npmjs.org/cidr-tools/-/cidr-tools-3.0.4.tgz",
      "integrity": "sha512-QcoO2h4zskHsvzg0zejn662WCAYNpdWiYb/oww+izf6nDVk7seOeQu8sUo1tq4bjXhILR/4MmLLxX1IqYPQfgA==",
      "requires": {
        "ip-address": "^7.1.0",
        "ip-cidr": "^2.1.1",
        "ipv6-normalize": "^1.0.1",
        "is-cidr": "^4.0.2",
        "is-ip": "^3.1.0",
        "jsbn": "^1.1.0",
        "string-natural-compare": "^3.0.1"
      }
    },
    "ip-address": {
      "version": "7.1.0",
      "resolved": "https://registry.npmjs.org/ip-address/-/ip-address-7.1.0.tgz",
      "integrity": "sha512-V9pWC/VJf2lsXqP7IWJ+pe3P1/HCYGBMZrrnT62niLGjAfCbeiwXMUxaeHvnVlz19O27pvXP4azs+Pj/A0x+SQ==",
      "requires": {
        "jsbn": "1.1.0",
        "sprintf-js": "1.1.2"
      }
    },
    "ip-cidr": {
      "version": "2.1.1",
      "resolved": "https://registry.npmjs.org/ip-cidr/-/ip-cidr-2.1.1.tgz",
      "integrity": "sha512-aeQXlWwFzEIJ5Iq+KmgVh4rafGXzwbiwVUXgXsZjoFFqApxCSuQu3rwNaQ9S+NNatWTJ78KBZBqZjmDKKjxUVw==",
      "requires": {
        "ip-address": "^6.3.0",
        "jsbn": "^0.1.0"
      },
      "dependencies": {
        "ip-address": {
          "version": "6.4.0",
          "resolved": "https://registry.npmjs.org/ip-address/-/ip-address-6.4.0.tgz",
          "integrity": "sha512-c5uxc2WUTuRBVHT/6r4m7HIr/DfV0bF6DvLH3iZGSK8wp8iMwwZSgIq2do0asFf8q9ECug0SE+6+1ACMe4sorA==",
          "requires": {
            "jsbn": "1.1.0",
            "lodash.find": "4.6.0",
            "lodash.max": "4.0.1",
            "lodash.merge": "4.6.2",
            "lodash.padstart": "4.6.1",
            "lodash.repeat": "4.1.0",
            "sprintf-js": "1.1.2"
          },
          "dependencies": {
            "jsbn": {
              "version": "1.1.0",
              "resolved": "https://registry.npmjs.org/jsbn/-/jsbn-1.1.0.tgz",
              "integrity": "sha1-sBMHyym2GKHtJux56RH4A8TaAEA="
            }
          }
        },
        "jsbn": {
          "version": "0.1.1",
          "resolved": "https://registry.npmjs.org/jsbn/-/jsbn-0.1.1.tgz",
          "integrity": "sha1-peZUwuWi3rXyAdls77yoDA7y9RM="
        }
      }
    },
    "ip-regex": {
      "version": "4.2.0",
      "resolved": "https://registry.npmjs.org/ip-regex/-/ip-regex-4.2.0.tgz",
      "integrity": "sha512-n5cDDeTWWRwK1EBoWwRti+8nP4NbytBBY0pldmnIkq6Z55KNFmWofh4rl9dPZpj+U/nVq7gweR3ylrvMt4YZ5A=="
    },
    "ip-utils": {
      "version": "2.4.0",
      "resolved": "https://registry.npmjs.org/ip-utils/-/ip-utils-2.4.0.tgz",
      "integrity": "sha512-WplHS3eFOjWenJNfuzmFpUv9p9A+VU7G0UIKD4bxUK9cduFkZA7TPxfsmLrpPX6KcCtrO11zpOhjSyy6hhrpzQ==",
      "requires": {
        "tslib": "^1.8.0"
      }
    },
    "ipv6-normalize": {
      "version": "1.0.1",
      "resolved": "https://registry.npmjs.org/ipv6-normalize/-/ipv6-normalize-1.0.1.tgz",
      "integrity": "sha1-GzJYKQ02X6gyOeiZB93kWS52IKg="
    },
    "is-cidr": {
      "version": "4.0.2",
      "resolved": "https://registry.npmjs.org/is-cidr/-/is-cidr-4.0.2.tgz",
      "integrity": "sha512-z4a1ENUajDbEl/Q6/pVBpTR1nBjjEE1X7qb7bmWYanNnPoKAvUCPFKeXV6Fe4mgTkWKBqiHIcwsI3SndiO5FeA==",
      "requires": {
        "cidr-regex": "^3.1.1"
      }
    },
    "is-ip": {
      "version": "3.1.0",
      "resolved": "https://registry.npmjs.org/is-ip/-/is-ip-3.1.0.tgz",
      "integrity": "sha512-35vd5necO7IitFPjd/YBeqwWnyDWbuLH9ZXQdMfDA8TEo7pv5X8yfrvVO3xbJbLUlERCMvf6X0hTUamQxCYJ9Q==",
      "requires": {
        "ip-regex": "^4.0.0"
      }
    },
    "jsbn": {
      "version": "1.1.0",
      "resolved": "https://registry.npmjs.org/jsbn/-/jsbn-1.1.0.tgz",
      "integrity": "sha1-sBMHyym2GKHtJux56RH4A8TaAEA="
    },
    "lodash.find": {
      "version": "4.6.0",
      "resolved": "https://registry.npmjs.org/lodash.find/-/lodash.find-4.6.0.tgz",
      "integrity": "sha1-ywcE1Hq3F4n/oN6Ll92Sb7iLE7E="
    },
    "lodash.max": {
      "version": "4.0.1",
      "resolved": "https://registry.npmjs.org/lodash.max/-/lodash.max-4.0.1.tgz",
      "integrity": "sha1-hzVWbGGLNan3YFILSHrnllivE2o="
    },
    "lodash.merge": {
      "version": "4.6.2",
      "resolved": "https://registry.npmjs.org/lodash.merge/-/lodash.merge-4.6.2.tgz",
      "integrity": "sha512-0KpjqXRVvrYyCsX1swR/XTK0va6VQkQM6MNo7PqW77ByjAhoARA8EfrP1N4+KlKj8YS0ZUCtRT/YUuhyYDujIQ=="
    },
    "lodash.padstart": {
      "version": "4.6.1",
      "resolved": "https://registry.npmjs.org/lodash.padstart/-/lodash.padstart-4.6.1.tgz",
      "integrity": "sha1-0uPuv/DZ05rVD1y9G1KnvOa7YRs="
    },
    "lodash.repeat": {
      "version": "4.1.0",
      "resolved": "https://registry.npmjs.org/lodash.repeat/-/lodash.repeat-4.1.0.tgz",
      "integrity": "sha1-/H3oEx2MisB+S0n3T/6CnR8r7EQ="
    },
    "netmask": {
      "version": "1.0.6",
      "resolved": "https://registry.npmjs.org/netmask/-/netmask-1.0.6.tgz",
      "integrity": "sha1-ICl+idhvb2QA8lDZ9Pa0wZRfzTU="
    },
    "sprintf-js": {
      "version": "1.1.2",
      "resolved": "https://registry.npmjs.org/sprintf-js/-/sprintf-js-1.1.2.tgz",
      "integrity": "sha512-VE0SOVEHCk7Qc8ulkWw3ntAzXuqf7S2lvwQaDLRnUeIEaKNQJzV6BwmLKhOqT61aGhfUMrXeaBk+oDGCzvhcug=="
    },
    "string-natural-compare": {
      "version": "3.0.1",
      "resolved": "https://registry.npmjs.org/string-natural-compare/-/string-natural-compare-3.0.1.tgz",
      "integrity": "sha512-n3sPwynL1nwKi3WJ6AIsClwBMa0zTi54fn2oLU6ndfTSIO05xaznjSf15PcBZU6FNWbmN5Q6cxT4V5hGvB4taw=="
    },
    "tslib": {
      "version": "1.14.1",
      "resolved": "https://registry.npmjs.org/tslib/-/tslib-1.14.1.tgz",
      "integrity": "sha512-Xni35NKzjgMrwevysHTCArtLDpPvye8zV/0E4EyYn43P7/7qvQwPh9BGkHewbMulVntbigmcT7rdX3BNo9wRJg=="
    }
  }
}
